
Microsoft Visual Studio Solution File, Format Version 12.00
# Visual Studio Version 17
VisualStudioVersion = 17.4.33110.190
MinimumVisualStudioVersion = 10.0.40219.1
Project("{9A19103F-16F7-4668-BE54-9A1E7A4F7556}") = "01 Task", "01 Task\01 Task.csproj", "{C713FEC4-F947-40F1-9AD2-CE8627E686D4}"
EndProject
Project("{9A19103F-16F7-4668-BE54-9A1E7A4F7556}") = "02 Task", "02 Task\02 Task.csproj", "{972DD2C9-0FA5-4EA0-B327-658BCDC5685C}"
EndProject
Project("{9A19103F-16F7-4668-BE54-9A1E7A4F7556}") = "03 Task", "03 Task\03 Task.csproj", "{A7334390-3C4E-4299-BD63-A14B0F670EB9}"
EndProject
Project("{9A19103F-16F7-4668-BE54-9A1E7A4F7556}") = "04 Task", "04 Task\04 Task.csproj", "{ECC751C9-76B8-4E8E-AA76-52F2B3960734}"
EndProject
Project("{9A19103F-16F7-4668-BE54-9A1E7A4F7556}") = "05 Task", "05 Task\05 Task.csproj", "{F49D19B2-336C-4508-9FE6-1DDDB9AF66A1}"
EndProject
Project("{9A19103F-16F7-4668-BE54-9A1E7A4F7556}") = "06 Task", "06 Task\06 Task.csproj", "{35A8209E-DC0D-4E0E-864B-0A03A65EBD11}"
EndProject
Project("{FAE04EC0-301F-11D3-BF4B-00C04F79EFBC}") = "07 Task", "07 Task\07 Task.csproj", "{60CBFA60-7604-424E-B2D3-2269E451C2D9}"
EndProject
Global
	GlobalSection(SolutionConfigurationPlatforms) = preSolution
		Debug|Any CPU = Debug|Any CPU
		Release|Any CPU = Release|Any CPU
	EndGlobalSection
	GlobalSection(ProjectConfigurationPlatforms) = postSolution
		{C713FEC4-F947-40F1-9AD2-CE8627E686D4}.Debug|Any CPU.ActiveCfg = Debug|Any CPU
		{C713FEC4-F947-40F1-9AD2-CE8627E686D4}.Debug|Any CPU.Build.0 = Debug|Any CPU
		{C713FEC4-F947-40F1-9AD2-CE8627E686D4}.Release|Any CPU.ActiveCfg = Release|Any CPU
		{C713FEC4-F947-40F1-9AD2-CE8627E686D4}.Release|Any CPU.Build.0 = Release|Any CPU
		{972DD2C9-0FA5-4EA0-B327-658BCDC5685C}.Debug|Any CPU.ActiveCfg = Debug|Any CPU
		{972DD2C9-0FA5-4EA0-B327-658BCDC5685C}.Debug|Any CPU.Build.0 = Debug|Any CPU
		{972DD2C9-0FA5-4EA0-B327-658BCDC5685C}.Release|Any CPU.ActiveCfg = Release|Any CPU
		{972DD2C9-0FA5-4EA0-B327-658BCDC5685C}.Release|Any CPU.Build.0 = Release|Any CPU
		{A7334390-3C4E-4299-BD63-A14B0F670EB9}.Debug|Any CPU.ActiveCfg = Debug|Any CPU
		{A7334390-3C4E-4299-BD63-A14B0F670EB9}.Debug|Any CPU.Build.0 = Debug|Any CPU
		{A7334390-3C4E-4299-BD63-A14B0F670EB9}.Release|Any CPU.ActiveCfg = Release|Any CPU
		{A7334390-3C4E-4299-BD63-A14B0F670EB9}.Release|Any CPU.Build.0 = Release|Any CPU
		{ECC751C9-76B8-4E8E-AA76-52F2B3960734}.Debug|Any CPU.ActiveCfg = Debug|Any CPU
		{ECC751C9-76B8-4E8E-AA76-52F2B3960734}.Debug|Any CPU.Build.0 = Debug|Any CPU
		{ECC751C9-76B8-4E8E-AA76-52F2B3960734}.Release|Any CPU.ActiveCfg = Release|Any CPU
		{ECC751C9-76B8-4E8E-AA76-52F2B3960734}.Release|Any CPU.Build.0 = Release|Any CPU
		{F49D19B2-336C-4508-9FE6-1DDDB9AF66A1}.Debug|Any CPU.ActiveCfg = Debug|Any CPU
		{F49D19B2-336C-4508-9FE6-1DDDB9AF66A1}.Debug|Any CPU.Build.0 = Debug|Any CPU
		{F49D19B2-336C-4508-9FE6-1DDDB9AF66A1}.Release|Any CPU.ActiveCfg = Release|Any CPU
		{F49D19B2-336C-4508-9FE6-1DDDB9AF66A1}.Release|Any CPU.Build.0 = Release|Any CPU
		{35A8209E-DC0D-4E0E-864B-0A03A65EBD11}.Debug|Any CPU.ActiveCfg = Debug|Any CPU
		{35A8209E-DC0D-4E0E-864B-0A03A65EBD11}.Debug|Any CPU.Build.0 = Debug|Any CPU
		{35A8209E-DC0D-4E0E-864B-0A03A65EBD11}.Release|Any CPU.ActiveCfg = Release|Any CPU
		{35A8209E-DC0D-4E0E-864B-0A03A65EBD11}.Release|Any CPU.Build.0 = Release|Any CPU
		{60CBFA60-7604-424E-B2D3-2269E451C2D9}.Debug|Any CPU.ActiveCfg = Debug|Any CPU
		{60CBFA60-7604-424E-B2D3-2269E451C2D9}.Debug|Any CPU.Build.0 = Debug|Any CPU
		{60CBFA60-7604-424E-B2D3-2269E451C2D9}.Release|Any CPU.ActiveCfg = Release|Any CPU
		{60CBFA60-7604-424E-B2D3-2269E451C2D9}.Release|Any CPU.Build.0 = Release|Any CPU
	EndGlobalSection
	GlobalSection(SolutionProperties) = preSolution
		HideSolutionNode = FALSE
	EndGlobalSection
	GlobalSection(ExtensibilityGlobals) = postSolution
		SolutionGuid = {6BE5DEAB-E973-4CB6-A530-C9CAB4730DF7}
	EndGlobalSection
EndGlobal
